
Microsoft Visual Studio Solution File, Format Version 12.00
# Visual Studio 15
VisualStudioVersion = 15.0.27130.2010
MinimumVisualStudioVersion = 10.0.40219.1
Project("{FAE04EC0-301F-11D3-BF4B-00C04F79EFBC}") = "CoreLogic.Services.Wvs", "CoreLogic.Services.Wvs\CoreLogic.Services.Wvs.csproj", "{A88447B9-54FC-49BD-ABAB-2EE3E768122F}"
EndProject
Project("{2150E333-8FDC-42A3-9474-1A3956D46DE8}") = "Tests", "Tests", "{8D72CDEE-424C-48B8-88A3-B65DFAC5FD9B}"
EndProject
Project("{FAE04EC0-301F-11D3-BF4B-00C04F79EFBC}") = "CoreLogic.Services.Wvs.Tests", "CoreLogic.Services.Wvs.Tests\CoreLogic.Services.Wvs.Tests.csproj", "{268A29B9-72A4-46C6-9D16-BEF8B280692A}"
EndProject
Project("{2150E333-8FDC-42A3-9474-1A3956D46DE8}") = "Solution Items", "Solution Items", "{7A0CE943-8FEE-4DA4-894B-1B63AA981F79}"
	ProjectSection(SolutionItems) = preProject
		..\appveyor.yml = ..\appveyor.yml
		CodeCoverage.runsettings = CodeCoverage.runsettings
		CommonAssemblyInfo.cs = CommonAssemblyInfo.cs
		GenerateCodeCoverageReports.ps1 = GenerateCodeCoverageReports.ps1
		..\README.md = ..\README.md
		Settings.StyleCop = Settings.StyleCop
		..\tools\TransformXml.proj = ..\tools\TransformXml.proj
	EndProjectSection
EndProject
Project("{2150E333-8FDC-42A3-9474-1A3956D46DE8}") = ".nuget", ".nuget", "{EECC3BEC-E094-46D4-9802-B75299D3747E}"
	ProjectSection(SolutionItems) = preProject
		.nuget\packages.config = .nuget\packages.config
	EndProjectSection
EndProject
Global
	GlobalSection(SolutionConfigurationPlatforms) = preSolution
		Debug|Any CPU = Debug|Any CPU
		Release|Any CPU = Release|Any CPU
	EndGlobalSection
	GlobalSection(ProjectConfigurationPlatforms) = postSolution
		{A88447B9-54FC-49BD-ABAB-2EE3E768122F}.Debug|Any CPU.ActiveCfg = Debug|Any CPU
		{A88447B9-54FC-49BD-ABAB-2EE3E768122F}.Debug|Any CPU.Build.0 = Debug|Any CPU
		{A88447B9-54FC-49BD-ABAB-2EE3E768122F}.Release|Any CPU.ActiveCfg = Release|Any CPU
		{A88447B9-54FC-49BD-ABAB-2EE3E768122F}.Release|Any CPU.Build.0 = Release|Any CPU
		{268A29B9-72A4-46C6-9D16-BEF8B280692A}.Debug|Any CPU.ActiveCfg = Debug|Any CPU
		{268A29B9-72A4-46C6-9D16-BEF8B280692A}.Debug|Any CPU.Build.0 = Debug|Any CPU
		{268A29B9-72A4-46C6-9D16-BEF8B280692A}.Release|Any CPU.ActiveCfg = Release|Any CPU
		{268A29B9-72A4-46C6-9D16-BEF8B280692A}.Release|Any CPU.Build.0 = Release|Any CPU
	EndGlobalSection
	GlobalSection(SolutionProperties) = preSolution
		HideSolutionNode = FALSE
	EndGlobalSection
	GlobalSection(NestedProjects) = preSolution
		{268A29B9-72A4-46C6-9D16-BEF8B280692A} = {8D72CDEE-424C-48B8-88A3-B65DFAC5FD9B}
	EndGlobalSection
	GlobalSection(ExtensibilityGlobals) = postSolution
		SolutionGuid = {CBF5DDE0-EE3D-4BAF-804A-5D08610DE989}
	EndGlobalSection
EndGlobal
